
Microsoft Visual Studio Solution File, Format Version 12.00
# Visual Studio 14
VisualStudioVersion = 14.0.25420.1
MinimumVisualStudioVersion = 10.0.40219.1
Project("{FAE04EC0-301F-11D3-BF4B-00C04F79EFBC}") = "3-1天公伯啊!奧林匹克數學題-解2", "3-1天公伯啊!奧林匹克數學題-解2\3-1天公伯啊!奧林匹克數學題-解2.csproj", "{7A655DE3-D1B0-484A-B98B-05DE54809588}"
EndProject
Global
	GlobalSection(SolutionConfigurationPlatforms) = preSolution
		Debug|Any CPU = Debug|Any CPU
		Release|Any CPU = Release|Any CPU
	EndGlobalSection
	GlobalSection(ProjectConfigurationPlatforms) = postSolution
		{7A655DE3-D1B0-484A-B98B-05DE54809588}.Debug|Any CPU.ActiveCfg = Debug|Any CPU
		{7A655DE3-D1B0-484A-B98B-05DE54809588}.Debug|Any CPU.Build.0 = Debug|Any CPU
		{7A655DE3-D1B0-484A-B98B-05DE54809588}.Release|Any CPU.ActiveCfg = Release|Any CPU
		{7A655DE3-D1B0-484A-B98B-05DE54809588}.Release|Any CPU.Build.0 = Release|Any CPU
	EndGlobalSection
	GlobalSection(SolutionProperties) = preSolution
		HideSolutionNode = FALSE
	EndGlobalSection
EndGlobal
